github.com/joho/godotenv v1.4.0 h1:3l4+N6zfMWnkbPEXKng2o2/MR5mSwTrBih4ZEkkz1lg=
github.com/joho/godotenv v1.4.0/go.mod h1:f4LDr5Voq0i2e/R5DDNOoa2zzDfwtkZa6DnEwAbqwq4=
github.com/jsgoyette/gemini v0.0.0-20171013051006-6815846daef6 h1:7ITW9SYidK/0lN+n/iS3nQyfsq3X9x/nNBsc3V4ZE3E=
github.com/jsgoyette/gemini v0.0.0-20171013051006-6815846daef6/go.mod h1:4sgOAXgUwPzOZuMKCX/ghcW0DQxjX4eTFmcYATsm/1Q=
